
Microsoft Visual Studio Solution File, Format Version 12.00
# Visual Studio 15
VisualStudioVersion = 15.0.27703.2042
MinimumVisualStudioVersion = 10.0.40219.1
Project("{888888A0-9F3D-457C-B088-3A5042F75D52}") = "Crowd_Funding", "Crowd_Funding\Crowd_Funding.pyproj", "{DBE7163D-9B93-4266-AFE1-170D96B890D2}"
EndProject
Global
	GlobalSection(SolutionConfigurationPlatforms) = preSolution
		Debug|Any CPU = Debug|Any CPU
		Release|Any CPU = Release|Any CPU
	EndGlobalSection
	GlobalSection(ProjectConfigurationPlatforms) = postSolution
		{DBE7163D-9B93-4266-AFE1-170D96B890D2}.Debug|Any CPU.ActiveCfg = Debug|Any CPU
		{DBE7163D-9B93-4266-AFE1-170D96B890D2}.Release|Any CPU.ActiveCfg = Release|Any CPU
	EndGlobalSection
	GlobalSection(SolutionProperties) = preSolution
		HideSolutionNode = FALSE
	EndGlobalSection
	GlobalSection(ExtensibilityGlobals) = postSolution
		SolutionGuid = {68EB9F82-4917-4AC3-8B58-46ECAE7FBA21}
	EndGlobalSection
EndGlobal
